
Microsoft Visual Studio Solution File, Format Version 12.00
# Visual Studio 14
VisualStudioVersion = 14.0.22310.1
MinimumVisualStudioVersion = 10.0.40219.1
Project("{2150E333-8FDC-42A3-9474-1A3956D46DE8}") = "test", "test", "{B15A6150-57E7-4F59-A997-A5460035E9D5}"
EndProject
Project("{FAE04EC0-301F-11D3-BF4B-00C04F79EFBC}") = "Core", "src\Core\Core.csproj", "{32E7F3A3-1CD4-44DE-88A6-6CAF7FE2F66F}"
EndProject
Project("{FAE04EC0-301F-11D3-BF4B-00C04F79EFBC}") = "Core.Tests", "test\Core.Tests\Core.Tests.csproj", "{AA14388E-BBA9-46B6-BE8F-B2C0CD49C21D}"
EndProject
Project("{FAE04EC0-301F-11D3-BF4B-00C04F79EFBC}") = "LocalDb", "src\LocalDb\LocalDb.csproj", "{E42DE5EE-DAD4-4B6E-9617-D0590BFB4C61}"
EndProject
Project("{FAE04EC0-301F-11D3-BF4B-00C04F79EFBC}") = "LocalDb.Tests", "test\LocalDb.Tests\LocalDb.Tests.csproj", "{FE498FCF-E518-4788-B1CC-398B862AF0A1}"
EndProject
Project("{FAE04EC0-301F-11D3-BF4B-00C04F79EFBC}") = "IisExpress", "src\IisExpress\IisExpress.csproj", "{49959F0A-83D2-46AA-86F2-87C3E941C324}"
EndProject
Project("{FAE04EC0-301F-11D3-BF4B-00C04F79EFBC}") = "IisExpress.Tests", "test\IisExpress.Tests\IisExpress.Tests.csproj", "{BE5DFB16-D75E-4B63-8A09-356FB0FA5DCB}"
EndProject
Project("{FAE04EC0-301F-11D3-BF4B-00C04F79EFBC}") = "Transform", "src\Transform\Transform.csproj", "{42CCB1DF-4AFF-413B-9117-BA1183EC68B5}"
EndProject
Project("{FAE04EC0-301F-11D3-BF4B-00C04F79EFBC}") = "Transform.Tests", "test\Transform.Tests\Transform.Tests.csproj", "{71DA57BC-A432-43F1-963B-6EFF1C75F80D}"
EndProject
Project("{FAE04EC0-301F-11D3-BF4B-00C04F79EFBC}") = "Intersection.Tests", "test\Intersection.Tests\Intersection.Tests.csproj", "{726AC120-4D28-4DA2-9ADF-5AB8A13C08F3}"
EndProject
Global
	GlobalSection(SolutionConfigurationPlatforms) = preSolution
		Debug|Any CPU = Debug|Any CPU
		Release|Any CPU = Release|Any CPU
	EndGlobalSection
	GlobalSection(ProjectConfigurationPlatforms) = postSolution
		{32E7F3A3-1CD4-44DE-88A6-6CAF7FE2F66F}.Debug|Any CPU.ActiveCfg = Debug|Any CPU
		{32E7F3A3-1CD4-44DE-88A6-6CAF7FE2F66F}.Debug|Any CPU.Build.0 = Debug|Any CPU
		{32E7F3A3-1CD4-44DE-88A6-6CAF7FE2F66F}.Release|Any CPU.ActiveCfg = Release|Any CPU
		{32E7F3A3-1CD4-44DE-88A6-6CAF7FE2F66F}.Release|Any CPU.Build.0 = Release|Any CPU
		{AA14388E-BBA9-46B6-BE8F-B2C0CD49C21D}.Debug|Any CPU.ActiveCfg = Debug|Any CPU
		{AA14388E-BBA9-46B6-BE8F-B2C0CD49C21D}.Debug|Any CPU.Build.0 = Debug|Any CPU
		{AA14388E-BBA9-46B6-BE8F-B2C0CD49C21D}.Release|Any CPU.ActiveCfg = Release|Any CPU
		{AA14388E-BBA9-46B6-BE8F-B2C0CD49C21D}.Release|Any CPU.Build.0 = Release|Any CPU
		{E42DE5EE-DAD4-4B6E-9617-D0590BFB4C61}.Debug|Any CPU.ActiveCfg = Debug|Any CPU
		{E42DE5EE-DAD4-4B6E-9617-D0590BFB4C61}.Debug|Any CPU.Build.0 = Debug|Any CPU
		{E42DE5EE-DAD4-4B6E-9617-D0590BFB4C61}.Release|Any CPU.ActiveCfg = Release|Any CPU
		{E42DE5EE-DAD4-4B6E-9617-D0590BFB4C61}.Release|Any CPU.Build.0 = Release|Any CPU
		{FE498FCF-E518-4788-B1CC-398B862AF0A1}.Debug|Any CPU.ActiveCfg = Debug|Any CPU
		{FE498FCF-E518-4788-B1CC-398B862AF0A1}.Debug|Any CPU.Build.0 = Debug|Any CPU
		{FE498FCF-E518-4788-B1CC-398B862AF0A1}.Release|Any CPU.ActiveCfg = Release|Any CPU
		{FE498FCF-E518-4788-B1CC-398B862AF0A1}.Release|Any CPU.Build.0 = Release|Any CPU
		{49959F0A-83D2-46AA-86F2-87C3E941C324}.Debug|Any CPU.ActiveCfg = Debug|Any CPU
		{49959F0A-83D2-46AA-86F2-87C3E941C324}.Debug|Any CPU.Build.0 = Debug|Any CPU
		{49959F0A-83D2-46AA-86F2-87C3E941C324}.Release|Any CPU.ActiveCfg = Release|Any CPU
		{49959F0A-83D2-46AA-86F2-87C3E941C324}.Release|Any CPU.Build.0 = Release|Any CPU
		{BE5DFB16-D75E-4B63-8A09-356FB0FA5DCB}.Debug|Any CPU.ActiveCfg = Debug|Any CPU
		{BE5DFB16-D75E-4B63-8A09-356FB0FA5DCB}.Debug|Any CPU.Build.0 = Debug|Any CPU
		{BE5DFB16-D75E-4B63-8A09-356FB0FA5DCB}.Release|Any CPU.ActiveCfg = Release|Any CPU
		{BE5DFB16-D75E-4B63-8A09-356FB0FA5DCB}.Release|Any CPU.Build.0 = Release|Any CPU
		{42CCB1DF-4AFF-413B-9117-BA1183EC68B5}.Debug|Any CPU.ActiveCfg = Debug|Any CPU
		{42CCB1DF-4AFF-413B-9117-BA1183EC68B5}.Debug|Any CPU.Build.0 = Debug|Any CPU
		{42CCB1DF-4AFF-413B-9117-BA1183EC68B5}.Release|Any CPU.ActiveCfg = Release|Any CPU
		{42CCB1DF-4AFF-413B-9117-BA1183EC68B5}.Release|Any CPU.Build.0 = Release|Any CPU
		{71DA57BC-A432-43F1-963B-6EFF1C75F80D}.Debug|Any CPU.ActiveCfg = Debug|Any CPU
		{71DA57BC-A432-43F1-963B-6EFF1C75F80D}.Debug|Any CPU.Build.0 = Debug|Any CPU
		{71DA57BC-A432-43F1-963B-6EFF1C75F80D}.Release|Any CPU.ActiveCfg = Release|Any CPU
		{71DA57BC-A432-43F1-963B-6EFF1C75F80D}.Release|Any CPU.Build.0 = Release|Any CPU
		{726AC120-4D28-4DA2-9ADF-5AB8A13C08F3}.Debug|Any CPU.ActiveCfg = Debug|Any CPU
		{726AC120-4D28-4DA2-9ADF-5AB8A13C08F3}.Debug|Any CPU.Build.0 = Debug|Any CPU
		{726AC120-4D28-4DA2-9ADF-5AB8A13C08F3}.Release|Any CPU.ActiveCfg = Release|Any CPU
		{726AC120-4D28-4DA2-9ADF-5AB8A13C08F3}.Release|Any CPU.Build.0 = Release|Any CPU
	EndGlobalSection
	GlobalSection(SolutionProperties) = preSolution
		HideSolutionNode = FALSE
	EndGlobalSection
	GlobalSection(NestedProjects) = preSolution
		{AA14388E-BBA9-46B6-BE8F-B2C0CD49C21D} = {B15A6150-57E7-4F59-A997-A5460035E9D5}
		{FE498FCF-E518-4788-B1CC-398B862AF0A1} = {B15A6150-57E7-4F59-A997-A5460035E9D5}
		{BE5DFB16-D75E-4B63-8A09-356FB0FA5DCB} = {B15A6150-57E7-4F59-A997-A5460035E9D5}
		{71DA57BC-A432-43F1-963B-6EFF1C75F80D} = {B15A6150-57E7-4F59-A997-A5460035E9D5}
		{726AC120-4D28-4DA2-9ADF-5AB8A13C08F3} = {B15A6150-57E7-4F59-A997-A5460035E9D5}
	EndGlobalSection
EndGlobal
